[[package]]
name = "appdirs"
version = "1.4.4"
description = "A small Python module for determining appropriate platform-specific dirs, e.g. a \"user data dir\"."
category = "main"
optional = false
python-versions = "*"

[[package]]
name = "cx-freeze"
version = "6.10"
description = "Create standalone executables from Python scripts"
category = "dev"
optional = false
python-versions = ">=3.6"

[package.dependencies]
cx-logging = {version = ">=3.0", markers = "sys_platform == \"win32\""}
importlib-metadata = {version = ">=4.8.3", markers = "python_version < \"3.10\""}
lief = {version = ">=0.11.5", markers = "sys_platform == \"win32\" and python_version < \"3.10\""}
patchelf = {version = ">=0.12", markers = "sys_platform == \"linux\""}

[[package]]
name = "cx-logging"
version = "3.0"
description = "Python and C interfaces for logging"
category = "dev"
optional = false
python-versions = "*"

[[package]]
name = "fs"
version = "2.4.16"
description = "Python's filesystem abstraction layer"
category = "main"
optional = false
python-versions = "*"

[package.dependencies]
appdirs = ">=1.4.3,<1.5.0"
six = ">=1.10,<2.0"

[package.extras]
scandir = ["scandir (>=1.5,<2.0)"]

[[package]]
name = "importlib-metadata"
version = "4.11.3"
description = "Read metadata from Python packages"
category = "dev"
optional = false
python-versions = ">=3.7"

[package.dependencies]
zipp = ">=0.5"

[package.extras]
docs = ["sphinx", "jaraco.packaging (>=9)", "rst.linker (>=1.9)"]
perf = ["ipython"]
testing = ["pytest (>=6)", "pytest-checkdocs (>=2.4)", "pytest-flake8", "pytest-cov", "pytest-enabler (>=1.0.1)", "packaging", "pyfakefs", "flufl.flake8", "pytest-perf (>=0.9.2)", "pytest-black (>=0.3.7)", "pytest-mypy (>=0.9.1)", "importlib-resources (>=1.3)"]

[[package]]
name = "lief"
version = "0.12.1"
description = "Library to instrument executable formats"
category = "dev"
optional = false
python-versions = ">=3.6"

[[package]]
name = "packaging"
version = "21.3"
description = "Core utilities for Python packages"
category = "main"
optional = false
python-versions = ">=3.6"

[package.dependencies]
pyparsing = ">=2.0.2,<3.0.5 || >3.0.5"

[[package]]
name = "patchelf"
version = "0.14.5.0"
description = "A small utility to modify the dynamic linker and RPATH of ELF executables."
category = "dev"
optional = false
python-versions = "*"

[package.extras]
test = ["pytest", "importlib-metadata"]

[[package]]
name = "pyparsing"
version = "3.0.8"
description = "pyparsing module - Classes and methods to define and execute parsing grammars"
category = "main"
optional = false
python-versions = ">=3.6.8"

[package.extras]
diagrams = ["railroad-diagrams", "jinja2"]

[[package]]
name = "pyqt5"
version = "5.15.6"
description = "Python bindings for the Qt cross platform application toolkit"
category = "main"
optional = false
python-versions = ">=3.6"

[package.dependencies]
PyQt5-Qt5 = ">=5.15.2"
PyQt5-sip = ">=12.8,<13"

[[package]]
name = "pyqt5-qt5"
version = "5.15.2"
description = "The subset of a Qt installation needed by PyQt5."
category = "main"
optional = false
python-versions = "*"

[[package]]
name = "pyqt5-sip"
version = "12.10.1"
description = "The sip module support for PyQt5"
category = "main"
optional = false
python-versions = ">=3.7"

[[package]]
name = "qtawesome"
version = "1.1.1"
description = "FontAwesome icons in PyQt and PySide applications"
category = "main"
optional = false
python-versions = ">=3.6"

[package.dependencies]
qtpy = "*"

[[package]]
name = "qtpy"
version = "2.1.0"
description = "Provides an abstraction layer on top of the various Qt bindings (PyQt5/6 and PySide2/6)."
category = "main"
optional = false
python-versions = ">=3.7"

[package.dependencies]
packaging = "*"

[package.extras]
test = ["pytest (>=6,!=7.0.0,!=7.0.1)", "pytest-cov (>=3.0.0)", "pytest-qt"]

[[package]]
name = "six"
version = "1.16.0"
description = "Python 2 and 3 compatibility utilities"
category = "main"
optional = false
python-versions = ">=2.7, !=3.0.*, !=3.1.*, !=3.2.*"

[[package]]
name = "zipp"
version = "3.8.0"
description = "Backport of pathlib-compatible object wrapper for zip files"
category = "dev"
optional = false
python-versions = ">=3.7"

[package.extras]
docs = ["sphinx", "jaraco.packaging (>=9)", "rst.linker (>=1.9)"]
testing = ["pytest (>=6)", "pytest-checkdocs (>=2.4)", "pytest-flake8", "pytest-cov", "pytest-enabler (>=1.0.1)", "jaraco.itertools", "func-timeout", "pytest-black (>=0.3.7)", "pytest-mypy (>=0.9.1)"]

[metadata]
lock-version = "1.1"
python-versions = "^3.8"
content-hash = "910ab6276d9cf885025d25005615153b62c12594420f718431a08b4bc042ba68"

[metadata.files]
appdirs = [
    {file = "appdirs-1.4.4-py2.py3-none-any.whl", hash = "sha256:a841dacd6b99318a741b166adb07e19ee71a274450e68237b4650ca1055ab128"},
    {file = "appdirs-1.4.4.tar.gz", hash = "sha256:7d5d0167b2b1ba821647616af46a749d1c653740dd0d2415100fe26e27afdf41"},
]
cx-freeze = [
    {file = "cx_Freeze-6.10-cp310-cp310-win32.whl", hash = "sha256:770e911f70b48e4f309a47e02aaa7e1f6dc659fd1c486f3eebe5c9e9fe70aec2"},
    {file = "cx_Freeze-6.10-cp310-cp310-win_amd64.whl", hash = "sha256:8d936a872c124c2e2a40da2e898e4fa0d225a165ab606217f75136c14ee8e673"},
    {file = "cx_Freeze-6.10-cp36-cp36m-win32.whl", hash = "sha256:2be07ffce2dba23618cf736476df6f9837d9887c85f4f92fb3fbfcd090de041a"},
    {file = "cx_Freeze-6.10-cp36-cp36m-win_amd64.whl", hash = "sha256:59b4cb77f5c82613efbec03815b952a6fe73d4a1805bb370d57a8a1130a181ca"},
    {file = "cx_Freeze-6.10-cp37-cp37m-win32.whl", hash = "sha256:f03928cbcf8282e688dc1f9fa421044c24f5b7492a7b0fe7f45d5cc6f24c1ebf"},
    {file = "cx_Freeze-6.10-cp37-cp37m-win_amd64.whl", hash = "sha256:9c4b491affd10065bcdd20dc0ab5239f787affe6d61857811a937ed266faa213"},
    {file = "cx_Freeze-6.10-cp38-cp38-win32.whl", hash = "sha256:1438db6d59be86e8483ea2bf2ff2f81374ca63d8a1d3a84706173cc1b98dd46f"},
    {file = "cx_Freeze-6.10-cp38-cp38-win_amd64.whl", hash = "sha256:ec752333fa2e40347902730662785da0ec4576cec976552784a6f60a7a07b45d"},
    {file = "cx_Freeze-6.10-cp39-cp39-win32.whl", hash = "sha256:08a537681dcd1bcde9742584e91d86ef001fe798386f2834a904652d5b2a468a"},
    {file = "cx_Freeze-6.10-cp39-cp39-win_amd64.whl", hash = "sha256:a4d2cb00eec6bc72a419370b5b0b5d0f3adf4d8417eb89228981d470cf4c6af6"},
    {file = "cx_Freeze-6.10.tar.gz", hash = "sha256:e5b71bf57b9881ac142fbebeae2c8b0d3294b56f6e48ab64032321e3b1a2ba27"},
]
cx-logging = [
    {file = "cx_Logging-3.0-cp36-cp36m-manylinux1_x86_64.whl", hash = "sha256:9fcd297e5c51470521c47eff0f86ba844aeca6be97e13c3e2114ebdf03fa3c96"},
    {file = "cx_Logging-3.0-cp36-cp36m-win32.whl", hash = "sha256:0df4be47c5022cc54316949e283403214568ef599817ced0c0972183d6d4fabb"},
    {file = "cx_Logging-3.0-cp36-cp36m-win_amd64.whl", hash = "sha256:203ca92ee7c15d5dfe1fcdfcef7b39d0123eba5c6d8c2388b6e7db6b961a5362"},
    {file = "cx_Logging-3.0-cp37-cp37m-manylinux1_x86_64.whl", hash = "sha256:20daa71b2a30f61d09bcf55dbda002c10f0c7c691f53cb393fc6485410fa2484"},
    {file = "cx_Logging-3.0-cp37-cp37m-win32.whl", hash = "sha256:5be5f905e8d34a3326e28d428674cdc2d57912fdf6e25b8676d63f76294eb4e0"},
    {file = "cx_Logging-3.0-cp37-cp37m-win_amd64.whl", hash = "sha256:04e4b61e2636dc8ae135937655af6626362aefc7f6175e86888a244b61001823"},
    {file = "cx_Logging-3.0-cp38-cp38-manylinux1_x86_64.whl", hash = "sha256:1bf0ebc79a7baa331c7deaf57088c234b82710286dfad453ff0c55eee0122b72"},
    {file = "cx_Logging-3.0-cp38-cp38-win32.whl", hash = "sha256:d98a59a47e99fa430b3f6d2a979e27509852d2c43e204f43bd0168e7ec97f469"},
    {file = "cx_Logging-3.0-cp38-cp38-win_amd64.whl", hash = "sha256:bb2e91019e5905415f795eef994de60ace5ae186fc4fe3d358e2d8feebb24992"},
    {file = "cx_Logging-3.0-cp39-cp39-manylinux1_x86_64.whl", hash = "sha256:b6f4a9b750e02a180517f779d174a1c7db651981cd37e5623235b87da9774dfd"},
    {file = "cx_Logging-3.0-cp39-cp39-win32.whl", hash = "sha256:e7cca28e8ee4082654b6062cc4d06f83d48f1a7e2d152bab020c9e3e373afb90"},
    {file = "cx_Logging-3.0-cp39-cp39-win_amd64.whl", hash = "sha256:302e9c4f65a936c288a4fa59a90e7e142d9ef994aa29676731acafdcccdbb3f5"},
    {file = "cx_Logging-3.0.tar.gz", hash = "sha256:ba8a7465facf7b98d8f494030fb481a2e8aeee29dc191e10383bb54ed42bdb34"},
]
fs = [
    {file = "fs-2.4.16-py2.py3-none-any.whl", hash = "sha256:660064febbccda264ae0b6bace80a8d1be9e089e0a5eb2427b7d517f9a91545c"},
    {file = "fs-2.4.16.tar.gz", hash = "sha256:ae97c7d51213f4b70b6a958292530289090de3a7e15841e108fbe144f069d313"},
]
importlib-metadata = [
    {file = "importlib_metadata-4.11.3-py3-none-any.whl", hash = "sha256:1208431ca90a8cca1a6b8af391bb53c1a2db74e5d1cef6ddced95d4b2062edc6"},
    {file = "importlib_metadata-4.11.3.tar.gz", hash = "sha256:ea4c597ebf37142f827b8f39299579e31685c31d3a438b59f469406afd0f2539"},
]
lief = [
    {file = "lief-0.12.1-cp310-cp310-macosx_10_14_x86_64.whl", hash = "sha256:4fbbc9d520de87ac22210c62d22a9b088e5460f9a028741311e6f68ef8877ddd"},
    {file = "lief-0.12.1-cp310-cp310-manylinux_2_17_x86_64.manylinux2014_x86_64.whl", hash = "sha256:443e4494df448ea1a021976258c7a6aca27d81b0612783fa3a84fab196fb9fcb"},
    {file = "lief-0.12.1-cp310-cp310-win32.whl", hash = "sha256:1c4019dddf03a5185462fb5ea04327cee08d40f46777b02f0773c7dc294552ea"},
    {file = "lief-0.12.1-cp310-cp310-win_amd64.whl", hash = "sha256:d7e09968f99ddf1e3983d3bcc16c62d1b6635a345fee8d8139f82b31bad457d6"},
    {file = "lief-0.12.1-cp36-cp36m-macosx_10_14_x86_64.whl", hash = "sha256:9fa6269ec4fa3f874b807fbba3c48a46af30df2497723f6966080e3eb630cb26"},
    {file = "lief-0.12.1-cp36-cp36m-manylinux_2_17_x86_64.manylinux2014_x86_64.whl", hash = "sha256:a78b05cac5fa491e01e1819573bbbbcaea0a4229f4aa3a2edb231b5695ddaf2d"},
    {file = "lief-0.12.1-cp36-cp36m-win32.whl", hash = "sha256:f1292bff96579c18e01e20b7a14043052379fe6e9a476c1d6d88aca43e5f9ac7"},
    {file = "lief-0.12.1-cp36-cp36m-win_amd64.whl", hash = "sha256:dab63876113bd573d64ce043f50153f6e2810e5e78256397aa0fe1fedf82ab84"},
    {file = "lief-0.12.1-cp37-cp37m-macosx_10_14_x86_64.whl", hash = "sha256:5771f5226b62c885a7aa30c1b98040d39229a1dab889d03155e5538e57d0054b"},
    {file = "lief-0.12.1-cp37-cp37m-manylinux2014_aarch64.whl", hash = "sha256:8ec307a762505076a6d31566225a231c44ec7063c0e7d751ac4654c674454c47"},
    {file = "lief-0.12.1-cp37-cp37m-manylinux_2_17_x86_64.manylinux2014_x86_64.whl", hash = "sha256:a755f6088d3b2041e4402adf917ac87e5ad9d1c5278973f48a29a5631fe393eb"},
    {file = "lief-0.12.1-cp37-cp37m-win32.whl", hash = "sha256:5d746f7eb6d3bf35a0230c7184aaaf434cb1ea89d7e7c8e8fe14a49cf2bb17a0"},
    {file = "lief-0.12.1-cp37-cp37m-win_amd64.whl", hash = "sha256:2d3ab7212da696bcbe5ca9dd78ceaa32dfb8a0e85e18001793b4441ef4624561"},
    {file = "lief-0.12.1-cp38-cp38-macosx_10_14_x86_64.whl", hash = "sha256:4360b0acd525ba77777cc38f0e5128c90c93cc4e91ab566ef3aa45b7f8a8c57e"},
    {file = "lief-0.12.1-cp38-cp38-manylinux2014_aarch64.whl", hash = "sha256:5e82e466d36cbabb28cc1a787b554d2feae5ab55c39cab58ef64fb6513bad92a"},
    {file = "lief-0.12.1-cp38-cp38-manylinux_2_17_x86_64.manylinux2014_x86_64.whl", hash = "sha256:efa0022a3bf70ef46335639e61b946cc2d9cf012d60e263c215e3e64b1ce38b4"},
    {file = "lief-0.12.1-cp38-cp38-win32.whl", hash = "sha256:d29f91d9f64f67d3ada5b7e0e48ab084d825fb4601d32d9fecdd2bdf23cdad23"},
    {file = "lief-0.12.1-cp38-cp38-win_amd64.whl", hash = "sha256:7dea6b3f17d362f93165379c46dadb012c73b1f751c8ceac256e5f43842cd86d"},
    {file = "lief-0.12.1-cp39-cp39-macosx_10_14_x86_64.whl", hash = "sha256:44012da4c32c670a97bb8a055a4ff16168cfaa757d03986f319aa3329a43e343"},
    {file = "lief-0.12.1-cp39-cp39-manylinux2014_aarch64.whl", hash = "sha256:e1d23997b0a71d34e766ff183be07854c6f698fd3d6aa44bf30b6b7f4f77ef55"},
    {file = "lief-0.12.1-cp39-cp39-manylinux_2_17_x86_64.manylinux2014_x86_64.whl", hash = "sha256:b845eca79c772041efb38b50cfaf951e24bc047ec462450b7e54e75b7e2bee0d"},
    {file = "lief-0.12.1-cp39-cp39-win32.whl", hash = "sha256:0df84ac2df20b14db12e69442d39b0e8cd89428ba3b131995e0570bcd3725460"},
    {file = "lief-0.12.1-cp39-cp39-win_amd64.whl", hash = "sha256:960a2da9f28c8d5dba753bb9ab77e26b3c6ff9b9658918be95650ceb8ee91e68"},
    {file = "lief-0.12.1.zip", hash = "sha256:4ff4ccfae2e1ee4ccba2b5556027dbb56282b8a973c5835c5b597e8b7b664416"},
]
packaging = [
    {file = "packaging-21.3-py3-none-any.whl", hash = "sha256:ef103e05f519cdc783ae24ea4e2e0f508a9c99b2d4969652eed6a2e1ea5bd522"},
    {file = "packaging-21.3.tar.gz", hash = "sha256:dd47c42927d89ab911e606518907cc2d3a1f38bbd026385970643f9c5b8ecfeb"},
]
patchelf = [
    {file = "patchelf-0.14.5.0-py2.py3-none-manylinux_2_17_aarch64.manylinux2014_aarch64.musllinux_1_1_aarch64.whl", hash = "sha256:180b0688633c22463588acaaeb8b060147ad73627fb6221503ba4914d24938c9"},
    {file = "patchelf-0.14.5.0-py2.py3-none-manylinux_2_17_ppc64le.manylinux2014_ppc64le.musllinux_1_1_ppc64le.whl", hash = "sha256:ee91f192e5009c7c4dc026f86ba2a6a9c6746d4a5535b211554fa4fce8dc8232"},
    {file = "patchelf-0.14.5.0-py2.py3-none-manylinux_2_17_s390x.manylinux2014_s390x.musllinux_1_1_s390x.whl", hash = "sha256:d1bd07adfbf94bae79c4122e6674596ae0a21b5722a0fd8c23b0505810436aea"},
    {file = "patchelf-0.14.5.0-py2.py3-none-manylinux_2_5_i686.manylinux1_i686.musllinux_1_1_i686.whl", hash = "sha256:b5ac50750572857eaf08dc1823f0c25bd18bb78b9ec8d304b8e8f6206f4cefe4"},
    {file = "patchelf-0.14.5.0-py2.py3-none-manylinux_2_5_x86_64.manylinux1_x86_64.musllinux_1_1_x86_64.whl", hash = "sha256:9c360b978ac0949b4a4be79f8904d81c5e5d75f85c16cde40013543451297f4b"},
    {file = "patchelf-0.14.5.0.tar.gz", hash = "sha256:d433eb851a9b8ab91ee1f4dbae6a8f7af859a44c5e157029cff028efe81922bf"},
]
pyparsing = [
    {file = "pyparsing-3.0.8-py3-none-any.whl", hash = "sha256:ef7b523f6356f763771559412c0d7134753f037822dad1b16945b7b846f7ad06"},
    {file = "pyparsing-3.0.8.tar.gz", hash = "sha256:7bf433498c016c4314268d95df76c81b842a4cb2b276fa3312cfb1e1d85f6954"},
]
pyqt5 = [
    {file = "PyQt5-5.15.6-cp36-abi3-macosx_10_13_x86_64.whl", hash = "sha256:33ced1c876f6a26e7899615a5a4efef2167c263488837c7beed023a64cebd051"},
    {file = "PyQt5-5.15.6-cp36-abi3-manylinux1_x86_64.whl", hash = "sha256:9d6efad0377aa78bf081a20ac752ce86096ded18f04c592d98f5b92dc879ad0a"},
    {file = "PyQt5-5.15.6-cp36-abi3-win32.whl", hash = "sha256:9d2dcdaf82263ae56023410a7af15d1fd746c8e361733a7d0d1bd1f004ec2793"},
    {file = "PyQt5-5.15.6-cp36-abi3-win_amd64.whl", hash = "sha256:f411ecda52e488e1d3c5cce7563e1b2ca9cf0b7531e3c25b03d9a7e56e07e7fc"},
    {file = "PyQt5-5.15.6.tar.gz", hash = "sha256:80343bcab95ffba619f2ed2467fd828ffeb0a251ad7225be5fc06dcc333af452"},
]
pyqt5-qt5 = [
    {file = "PyQt5_Qt5-5.15.2-py3-none-macosx_10_13_intel.whl", hash = "sha256:76980cd3d7ae87e3c7a33bfebfaee84448fd650bad6840471d6cae199b56e154"},
    {file = "PyQt5_Qt5-5.15.2-py3-none-manylinux2014_x86_64.whl", hash = "sha256:1988f364ec8caf87a6ee5d5a3a5210d57539988bf8e84714c7d60972692e2f4a"},
    {file = "PyQt5_Qt5-5.15.2-py3-none-win32.whl", hash = "sha256:9cc7a768b1921f4b982ebc00a318ccb38578e44e45316c7a4a850e953e1dd327"},
    {file = "PyQt5_Qt5-5.15.2-py3-none-win_amd64.whl", hash = "sha256:750b78e4dba6bdf1607febedc08738e318ea09e9b10aea9ff0d73073f11f6962"},
]
pyqt5-sip = [
    {file = "PyQt5_sip-12.10.1-cp310-cp310-macosx_10_9_universal2.whl", hash = "sha256:b2852df169f349e37999fc425f2d0abd004d09219354a55d3b4c6dd574b3fe84"},
    {file = "PyQt5_sip-12.10.1-cp310-cp310-manylinux1_x86_64.whl", hash = "sha256:2378bda30ee2b7a568086952658ba8daad8f0f71fc335f696423ee9b3b4028db"},
    {file = "PyQt5_sip-12.10.1-cp310-cp310-win32.whl", hash = "sha256:e70c961eb982cfc866a988cfe4fab16741d480d885203e04b539ecf32b53c6b7"},
    {file = "PyQt5_sip-12.10.1-cp310-cp310-win_amd64.whl", hash = "sha256:0ba8c0751b46561542b5a6bb1b703faad10a205d9375ebc607b1c9f858bfe5b1"},
    {file = "PyQt5_sip-12.10.1-cp37-cp37m-macosx_10_9_x86_64.whl", hash = "sha256:023de82b23a7e97369588dd6e411dd2bfbedbbcfb4c7f9c2ecaa9e29fc46a81e"},
    {file = "PyQt5_sip-12.10.1-cp37-cp37m-manylinux1_x86_64.whl", hash = "sha256:5e8472a959ec85f94d4810326505076b55eb4d8b2e08dbd5d87bd1907c59680c"},
    {file = "PyQt5_sip-12.10.1-cp37-cp37m-win32.whl", hash = "sha256:3a92bd103dad59c2bfbb1062420c2e7bcf134dfce800f6a8c9964c99a590162d"},
    {file = "PyQt5_sip-12.10.1-cp37-cp37m-win_amd64.whl", hash = "sha256:dda92bfaee40fd612c6b1e2614570d6acc8ec63032c6fd45d5e66badd18d387c"},
    {file = "PyQt5_sip-12.10.1-cp38-cp38-macosx_10_9_x86_64.whl", hash = "sha256:d31f6f05777c8ee0828daeb5cb4a15d4124c63d94cacb07faa2dbc79f72209ea"},
    {file = "PyQt5_sip-12.10.1-cp38-cp38-manylinux1_x86_64.whl", hash = "sha256:ba89547fc54403bbdcb7ee6066098d02d18d813f29b7de2434043a357bb79f6b"},
    {file = "PyQt5_sip-12.10.1-cp38-cp38-win32.whl", hash = "sha256:90f8cde3b446799800bc7c2d89a4fef5d8316d9f4c2f06daf4f6976d1c68fdfa"},
    {file = "PyQt5_sip-12.10.1-cp38-cp38-win_amd64.whl", hash = "sha256:a83c7ba53e04e05cf1bcd18639080dd44196cf248773f34b1e9b831c11a1e198"},
    {file = "PyQt5_sip-12.10.1-cp39-cp39-macosx_10_9_x86_64.whl", hash = "sha256:087a7c0ebff00bca73788588b61b50063e17fcdb26977317d1785cb241a66a56"},
    {file = "PyQt5_sip-12.10.1-cp39-cp39-manylinux1_x86_64.whl", hash = "sha256:8024347c865a7f0c6581b460cc18dbea1c401733300bc3cb76f74c9432a2b0ae"},
    {file = "PyQt5_sip-12.10.1-cp39-cp39-win32.whl", hash = "sha256:a345bed4112d44705340e4033a2abc66d8dbd4afd62f3a9aa69253f15718df53"},
    {file = "PyQt5_sip-12.10.1-cp39-cp39-win_amd64.whl", hash = "sha256:8504991216ff94ca1eaba39a6e6497e6ed860f1fc659f6c14ebfccf43733c02f"},
    {file = "PyQt5_sip-12.10.1.tar.gz", hash = "sha256:97e008795c453488f51a5c97dbff29cda7841afb1ca842c9e819d8e6cc0ae724"},
]
qtawesome = [
    {file = "QtAwesome-1.1.1-py3-none-any.whl", hash = "sha256:27d2e2bcb34cb5c9a7f61c29f34b24bf89ef50c79ffff7a76effe59bf781fcee"},
    {file = "QtAwesome-1.1.1.tar.gz", hash = "sha256:ec02e200231fa68a146a93845890aa0432a7edcba14bf811ff6975cf9acdab5d"},
]
qtpy = [
    {file = "QtPy-2.1.0-py3-none-any.whl", hash = "sha256:aee0586081f943029312becece9f63977b0a9e3788f77a6ac8cc74802bb173d6"},
    {file = "QtPy-2.1.0.tar.gz", hash = "sha256:ca8cd4217175186344299ee4c0f7e7adcf362c70852ba35b255a534077025c06"},
]
six = [
    {file = "six-1.16.0-py2.py3-none-any.whl", hash = "sha256:8abb2f1d86890a2dfb989f9a77cfcfd3e47c2a354b01111771326f8aa26e0254"},
    {file = "six-1.16.0.tar.gz", hash = "sha256:1e61c37477a1626458e36f7b1d82aa5c9b094fa4802892072e49de9c60c4c926"},
]
zipp = [
    {file = "zipp-3.8.0-py3-none-any.whl", hash = "sha256:c4f6e5bbf48e74f7a38e7cc5b0480ff42b0ae5178957d564d18932525d5cf099"},
    {file = "zipp-3.8.0.tar.gz", hash = "sha256:56bf8aadb83c24db6c4b577e13de374ccfb67da2078beba1d037c17980bf43ad"},
]
